
Microsoft Visual Studio Solution File, Format Version 12.00
# Visual Studio Version 17
VisualStudioVersion = 17.1.32421.90
MinimumVisualStudioVersion = 10.0.40219.1
Project("{FAE04EC0-301F-11D3-BF4B-00C04F79EFBC}") = "SalesWebApp", "SalesWebApp\SalesWebApp.csproj", "{0680E25A-CCBA-4C2A-9465-C7BD8A3092B9}"
EndProject
Global
	GlobalSection(SolutionConfigurationPlatforms) = preSolution
		Debug|Any CPU = Debug|Any CPU
		Release|Any CPU = Release|Any CPU
	EndGlobalSection
	GlobalSection(ProjectConfigurationPlatforms) = postSolution
		{0680E25A-CCBA-4C2A-9465-C7BD8A3092B9}.Debug|Any CPU.ActiveCfg = Debug|Any CPU
		{0680E25A-CCBA-4C2A-9465-C7BD8A3092B9}.Debug|Any CPU.Build.0 = Debug|Any CPU
		{0680E25A-CCBA-4C2A-9465-C7BD8A3092B9}.Release|Any CPU.ActiveCfg = Release|Any CPU
		{0680E25A-CCBA-4C2A-9465-C7BD8A3092B9}.Release|Any CPU.Build.0 = Release|Any CPU
	EndGlobalSection
	GlobalSection(SolutionProperties) = preSolution
		HideSolutionNode = FALSE
	EndGlobalSection
	GlobalSection(ExtensibilityGlobals) = postSolution
		SolutionGuid = {37CDF7FA-22F6-423E-BBB9-68EACCE5BEFC}
	EndGlobalSection
EndGlobal
